
Microsoft Visual Studio Solution File, Format Version 12.00
# Visual Studio Version 17
VisualStudioVersion = 17.14.36603.0 d17.14
MinimumVisualStudioVersion = 10.0.40219.1
Project("{FAE04EC0-301F-11D3-BF4B-00C04F79EFBC}") = "KeyboardLayoutWatcher", "KeyboardLayoutWatcher.csproj", "{889606FA-0D7F-473F-A625-F62FD56403BF}"
EndProject
Global
	GlobalSection(SolutionConfigurationPlatforms) = preSolution
		Debug|Any CPU = Debug|Any CPU
		Release|Any CPU = Release|Any CPU
	EndGlobalSection
	GlobalSection(ProjectConfigurationPlatforms) = postSolution
		{889606FA-0D7F-473F-A625-F62FD56403BF}.Debug|Any CPU.ActiveCfg = Debug|Any CPU
		{889606FA-0D7F-473F-A625-F62FD56403BF}.Debug|Any CPU.Build.0 = Debug|Any CPU
		{889606FA-0D7F-473F-A625-F62FD56403BF}.Release|Any CPU.ActiveCfg = Release|Any CPU
		{889606FA-0D7F-473F-A625-F62FD56403BF}.Release|Any CPU.Build.0 = Release|Any CPU
	EndGlobalSection
	GlobalSection(SolutionProperties) = preSolution
		HideSolutionNode = FALSE
	EndGlobalSection
	GlobalSection(ExtensibilityGlobals) = postSolution
		SolutionGuid = {FCFEA7B0-59E3-4E15-9CD7-6F1D4A019C9E}
	EndGlobalSection
EndGlobal
